{
  "name": "tbsgrid",
  "version": "0.0.1",
  "lockfileVersion": 3,
  "requires": true,
  "packages": {
    "": {
      "name": "tbsgrid",
      "version": "0.0.1",
      "license": "MIT",
      "dependencies": {
        "file-saver": "^2.0.5",
        "mobile-detect": "^1.4.5",
        "tbsgrid": "^0.0.1"
      }
    },
    "node_modules/file-saver": {
      "version": "2.0.5",
      "resolved": "https://registry.npmjs.org/file-saver/-/file-saver-2.0.5.tgz",
      "integrity": "sha512-P9bmyZ3h/PRG+Nzga+rbdI4OEpNDzAVyy74uVO9ATgzLK6VtAsYybF/+TOCvrc0MO793d6+42lLyZTw7/ArVzA==",
      "license": "MIT"
    },
    "node_modules/mobile-detect": {
      "version": "1.4.5",
      "resolved": "https://registry.npmjs.org/mobile-detect/-/mobile-detect-1.4.5.tgz",
      "integrity": "sha512-yc0LhH6tItlvfLBugVUEtgawwFU2sIe+cSdmRJJCTMZ5GEJyLxNyC/NIOAOGk67Fa8GNpOttO3Xz/1bHpXFD/g==",
      "license": "MIT"
    },
    "node_modules/tbsgrid": {
      "version": "0.0.1",
      "resolved": "https://registry.npmjs.org/tbsgrid/-/tbsgrid-0.0.1.tgz",
      "integrity": "sha512-eYeWj2bpROt0Ht3RxSOgMt4Nh14qhYvrhL8eGcTTa6r3DpSmMiAKTyZDbg92XiuwOvntGtfugrbT/aszyjrlKw==",
      "license": "MIT",
      "dependencies": {
        "file-saver": "^2.0.5",
        "mobile-detect": "^1.4.5"
      }
    }
  }
}
